{
  "name": "echecord",
  "version": "1.0.0",
  "lockfileVersion": 2,
  "requires": true,
  "packages": {
    "": {
      "name": "echecord",
      "version": "1.0.0",
      "license": "ISC",
      "dependencies": {
        "echecord": "^1.0.0"
      }
    },
    "node_modules/echecord": {
      "version": "1.0.0",
      "resolved": "https://registry.npmjs.org/echecord/-/echecord-1.0.0.tgz",
      "integrity": "sha512-OhAMhMzvWKh1+EVVG8e09v6tny3gpz+XfpMHZL1wREquicCkPtTW2kQ8STuKVsfab9y/L49JOjCl8p4wAGclvw=="
    }
  },
  "dependencies": {
    "echecord": {
      "version": "1.0.0",
      "resolved": "https://registry.npmjs.org/echecord/-/echecord-1.0.0.tgz",
      "integrity": "sha512-OhAMhMzvWKh1+EVVG8e09v6tny3gpz+XfpMHZL1wREquicCkPtTW2kQ8STuKVsfab9y/L49JOjCl8p4wAGclvw=="
    }
  }
}
